<?xml version="1.0" encoding="utf-8"?>
<Project ToolsVersion="4.0" xmlns="http://schemas.microsoft.com/developer/msbuild/2003">
  <ItemGroup>
    <Filter Include="Source Files">
      <UniqueIdentifier>{4FC737F1-C7A5-4376-A066-2A32D752A2FF}</UniqueIdentifier>
      <Extensions>cpp;c;cc;cxx;def;odl;idl;hpj;bat;asm;asmx</Extensions>
    </Filter>
    <Filter Include="Header Files">
      <UniqueIdentifier>{93995380-89BD-4b04-88EB-625FBE52EBFB}</UniqueIdentifier>
      <Extensions>h;hh;hpp;hxx;hm;inl;inc;xsd</Extensions>
    </Filter>
    <Filter Include="Resource Files">
      <UniqueIdentifier>{67DA6AB6-F800-4c08-8B7A-83BB121AAD01}</UniqueIdentifier>
      <Extensions>rc;ico;cur;bmp;dlg;rc2;rct;bin;rgs;gif;jpg;jpeg;jpe;resx;tiff;tif;png;wav;mfcribbon-ms</Extensions>
    </Filter>
  </ItemGroup>
  <ItemGroup>
    <Text Include="ReadMe.txt" />
  </ItemGroup>
  <ItemGroup>
    <ClInclude Include="stdafx.h">
      <Filter>Header Files</Filter>
    </ClInclude>
    <ClInclude Include="targetver.h">
      <Filter>Header Files</Filter>
    </ClInclude>
    <ClInclude Include="Heksa.h">
      <Filter>Header Files</Filter>
    </ClInclude>
    <ClInclude Include="HexaInToTetradesNBCAdapter.h">
      <Filter>Header Files</Filter>
    </ClInclude>
    <ClInclude Include="NBC.h">
      <Filter>Header Files</Filter>
    </ClInclude>
    <ClInclude Include="NUtils.h">
      <Filter>Header Files</Filter>
    </ClInclude>
    <ClInclude Include="TetradeNBC.h">
      <Filter>Header Files</Filter>
    </ClInclude>
    <ClInclude Include="PositionalValue.h">
      <Filter>Header Files</Filter>
    </ClInclude>
    <ClInclude Include="Alphabet.h">
      <Filter>Header Files</Filter>
    </ClInclude>
    <ClInclude Include="Init.h">
      <Filter>Header Files</Filter>
    </ClInclude>
    <ClInclude Include="Perform.h">
      <Filter>Header Files</Filter>
    </ClInclude>
    <ClInclude Include="TMB.h">
      <Filter>Header Files</Filter>
    </ClInclude>
    <ClInclude Include="CleanUp.h">
      <Filter>Header Files</Filter>
    </ClInclude>
    <ClInclude Include="FunctionalClass.h">
      <Filter>Header Files</Filter>
    </ClInclude>
    <ClInclude Include="Modulator.h">
      <Filter>Header Files</Filter>
    </ClInclude>
    <ClInclude Include="DeleteParser.h">
      <Filter>Header Files</Filter>
    </ClInclude>
    <ClInclude Include="EndPOJO\IValue.h">
      <Filter>Header Files</Filter>
    </ClInclude>
  </ItemGroup>
  <ItemGroup>
    <ClCompile Include="stdafx.cpp">
      <Filter>Source Files</Filter>
    </ClCompile>
    <ClCompile Include="Heksa.cpp">
      <Filter>Source Files</Filter>
    </ClCompile>
    <ClCompile Include="HexaInToTetradesNBCAdapter.cpp">
      <Filter>Source Files</Filter>
    </ClCompile>
    <ClCompile Include="NBC.cpp">
      <Filter>Source Files</Filter>
    </ClCompile>
    <ClCompile Include="NUtils.cpp">
      <Filter>Source Files</Filter>
    </ClCompile>
    <ClCompile Include="TetradeNBC.cpp">
      <Filter>Source Files</Filter>
    </ClCompile>
    <ClCompile Include="PositionalValue.cpp">
      <Filter>Source Files</Filter>
    </ClCompile>
    <ClCompile Include="Alphabet.cpp">
      <Filter>Source Files</Filter>
    </ClCompile>
  </ItemGroup>
  <ItemGroup>
    <None Include="ClassDiagram.cd" />
  </ItemGroup>
</Project>